
Microsoft Visual Studio Solution File, Format Version 12.00
# Visual Studio Version 16
VisualStudioVersion = 16.0.28803.352
MinimumVisualStudioVersion = 10.0.40219.1
Project("{FAE04EC0-301F-11D3-BF4B-00C04F79EFBC}") = "PPTeamProjectDGMS", "PPTeamProjectDGMS\PPTeamProjectDGMS.csproj", "{A9830E5D-28B6-4017-BAE0-E09C19E8D8CC}"
EndProject
Global
	GlobalSection(SolutionConfigurationPlatforms) = preSolution
		Debug|Any CPU = Debug|Any CPU
		Release|Any CPU = Release|Any CPU
	EndGlobalSection
	GlobalSection(ProjectConfigurationPlatforms) = postSolution
		{A9830E5D-28B6-4017-BAE0-E09C19E8D8CC}.Debug|Any CPU.ActiveCfg = Debug|Any CPU
		{A9830E5D-28B6-4017-BAE0-E09C19E8D8CC}.Debug|Any CPU.Build.0 = Debug|Any CPU
		{A9830E5D-28B6-4017-BAE0-E09C19E8D8CC}.Release|Any CPU.ActiveCfg = Release|Any CPU
		{A9830E5D-28B6-4017-BAE0-E09C19E8D8CC}.Release|Any CPU.Build.0 = Release|Any CPU
	EndGlobalSection
	GlobalSection(SolutionProperties) = preSolution
		HideSolutionNode = FALSE
	EndGlobalSection
	GlobalSection(ExtensibilityGlobals) = postSolution
		SolutionGuid = {2586B90A-EEF8-41AF-B893-6FF609DB05A7}
	EndGlobalSection
EndGlobal
